
Microsoft Visual Studio Solution File, Format Version 12.00
# Visual Studio 15
VisualStudioVersion = 15.0.28307.168
MinimumVisualStudioVersion = 10.0.40219.1
Project("{9A19103F-16F7-4668-BE54-9A1E7A4F7556}") = "LiebFeed", "LiebFeed\LiebFeed.csproj", "{2CE1E8CC-6FD2-4ED7-AFFA-147042A64EEF}"
EndProject
Project("{FAE04EC0-301F-11D3-BF4B-00C04F79EFBC}") = "SharedMessages", "SharedMessages\SharedMessages.csproj", "{FE6C5C10-357D-49DF-8E69-81809AC89601}"
EndProject
Global
	GlobalSection(SolutionConfigurationPlatforms) = preSolution
		Debug|Any CPU = Debug|Any CPU
		Release|Any CPU = Release|Any CPU
	EndGlobalSection
	GlobalSection(ProjectConfigurationPlatforms) = postSolution
		{2CE1E8CC-6FD2-4ED7-AFFA-147042A64EEF}.Debug|Any CPU.ActiveCfg = Debug|Any CPU
		{2CE1E8CC-6FD2-4ED7-AFFA-147042A64EEF}.Debug|Any CPU.Build.0 = Debug|Any CPU
		{2CE1E8CC-6FD2-4ED7-AFFA-147042A64EEF}.Release|Any CPU.ActiveCfg = Release|Any CPU
		{2CE1E8CC-6FD2-4ED7-AFFA-147042A64EEF}.Release|Any CPU.Build.0 = Release|Any CPU
		{FE6C5C10-357D-49DF-8E69-81809AC89601}.Debug|Any CPU.ActiveCfg = Debug|Any CPU
		{FE6C5C10-357D-49DF-8E69-81809AC89601}.Debug|Any CPU.Build.0 = Debug|Any CPU
		{FE6C5C10-357D-49DF-8E69-81809AC89601}.Release|Any CPU.ActiveCfg = Release|Any CPU
		{FE6C5C10-357D-49DF-8E69-81809AC89601}.Release|Any CPU.Build.0 = Release|Any CPU
	EndGlobalSection
	GlobalSection(SolutionProperties) = preSolution
		HideSolutionNode = FALSE
	EndGlobalSection
	GlobalSection(ExtensibilityGlobals) = postSolution
		SolutionGuid = {F3487C74-70AB-4CFF-84F4-B84635DBCCD1}
	EndGlobalSection
EndGlobal
